
Microsoft Visual Studio Solution File, Format Version 12.00
# Visual Studio 15
VisualStudioVersion = 15.0.28307.572
MinimumVisualStudioVersion = 10.0.40219.1
Project("{FAE04EC0-301F-11D3-BF4B-00C04F79EFBC}") = "DeepClone", "DeepClone\DeepClone.csproj", "{5DBCD2A7-B27D-471F-A522-C634B7DDA4F9}"
EndProject
Project("{FAE04EC0-301F-11D3-BF4B-00C04F79EFBC}") = "Reflection", "Reflection\Reflection.csproj", "{88C45CEE-F828-4F8E-BCD4-4B83733A45EA}"
EndProject
Global
	GlobalSection(SolutionConfigurationPlatforms) = preSolution
		Debug|Any CPU = Debug|Any CPU
		Release|Any CPU = Release|Any CPU
	EndGlobalSection
	GlobalSection(ProjectConfigurationPlatforms) = postSolution
		{5DBCD2A7-B27D-471F-A522-C634B7DDA4F9}.Debug|Any CPU.ActiveCfg = Debug|Any CPU
		{5DBCD2A7-B27D-471F-A522-C634B7DDA4F9}.Debug|Any CPU.Build.0 = Debug|Any CPU
		{5DBCD2A7-B27D-471F-A522-C634B7DDA4F9}.Release|Any CPU.ActiveCfg = Release|Any CPU
		{5DBCD2A7-B27D-471F-A522-C634B7DDA4F9}.Release|Any CPU.Build.0 = Release|Any CPU
		{88C45CEE-F828-4F8E-BCD4-4B83733A45EA}.Debug|Any CPU.ActiveCfg = Debug|Any CPU
		{88C45CEE-F828-4F8E-BCD4-4B83733A45EA}.Debug|Any CPU.Build.0 = Debug|Any CPU
		{88C45CEE-F828-4F8E-BCD4-4B83733A45EA}.Release|Any CPU.ActiveCfg = Release|Any CPU
		{88C45CEE-F828-4F8E-BCD4-4B83733A45EA}.Release|Any CPU.Build.0 = Release|Any CPU
	EndGlobalSection
	GlobalSection(SolutionProperties) = preSolution
		HideSolutionNode = FALSE
	EndGlobalSection
	GlobalSection(ExtensibilityGlobals) = postSolution
		SolutionGuid = {5889EF48-9B61-4346-9596-0496B3ACD8EA}
	EndGlobalSection
EndGlobal
